
Microsoft Visual Studio Solution File, Format Version 12.00
# Visual Studio Version 16
VisualStudioVersion = 16.0.30413.136
MinimumVisualStudioVersion = 10.0.40219.1
Project("{FAE04EC0-301F-11D3-BF4B-00C04F79EFBC}") = "森林火警系统数据收集程序", "森林火警系统数据收集程序\森林火警系统数据收集程序.csproj", "{55F6587C-40E1-4419-8E97-AB504B67B4AE}"
EndProject
Global
	GlobalSection(SolutionConfigurationPlatforms) = preSolution
		Debug|Any CPU = Debug|Any CPU
		Release|Any CPU = Release|Any CPU
	EndGlobalSection
	GlobalSection(ProjectConfigurationPlatforms) = postSolution
		{55F6587C-40E1-4419-8E97-AB504B67B4AE}.Debug|Any CPU.ActiveCfg = Debug|Any CPU
		{55F6587C-40E1-4419-8E97-AB504B67B4AE}.Debug|Any CPU.Build.0 = Debug|Any CPU
		{55F6587C-40E1-4419-8E97-AB504B67B4AE}.Release|Any CPU.ActiveCfg = Release|Any CPU
		{55F6587C-40E1-4419-8E97-AB504B67B4AE}.Release|Any CPU.Build.0 = Release|Any CPU
	EndGlobalSection
	GlobalSection(SolutionProperties) = preSolution
		HideSolutionNode = FALSE
	EndGlobalSection
	GlobalSection(ExtensibilityGlobals) = postSolution
		SolutionGuid = {C2FDD4EF-A04D-4821-A0FE-9FB3033F3F36}
	EndGlobalSection
EndGlobal
